{
  "object": {
    "pins": [
      {
        "package": "KalendarView",
        "repositoryURL": "https://github.com/florin-pop/KalendarView.git",
        "state": {
          "branch": "master",
          "revision": "9973f942e23526c04eef62c308175ede666b6ed2",
          "version": null
        }
      }
    ]
  },
  "version": 1
}
