{
  "object": {
    "pins": [
      {
        "package": "KalendarView",
        "repositoryURL": "https://github.com/florin-pop/KalendarView.git",
        "state": {
          "branch": "master",
          "revision": "72eb917989c15aa2ce468cee97cc050f95ad0f92",
          "version": null
        }
      }
    ]
  },
  "version": 1
}
